
Microsoft Visual Studio Solution File, Format Version 12.00
# Visual Studio Version 17
VisualStudioVersion = 17.13.35931.197
MinimumVisualStudioVersion = 10.0.40219.1
Project("{FAE04EC0-301F-11D3-BF4B-00C04F79EFBC}") = "BusinessObjects", "BusinessObjects\BusinessObjects.csproj", "{2F3A026C-DC7F-453D-9405-E10915FD84FE}"
EndProject
Project("{FAE04EC0-301F-11D3-BF4B-00C04F79EFBC}") = "DataAccessLayer", "DataAccessLayer\DataAccessLayer.csproj", "{5F804325-D147-420A-9D5D-CD1E8E46BAD7}"
EndProject
Project("{FAE04EC0-301F-11D3-BF4B-00C04F79EFBC}") = "Repositories", "Repositories\Repositories.csproj", "{4E84A166-B48A-4B7A-8CC1-CDE09552052A}"
EndProject
Project("{FAE04EC0-301F-11D3-BF4B-00C04F79EFBC}") = "Services", "Services\Services.csproj", "{9F0B2EDB-1D4B-450B-8496-2EC2CBE5377C}"
EndProject
Project("{FAE04EC0-301F-11D3-BF4B-00C04F79EFBC}") = "DangNguyenPhuocLocWPF", "DangNguyenPhuocLocWPF\DangNguyenPhuocLocWPF.csproj", "{5D481351-52F3-4D91-8FF0-5649C2D79549}"
EndProject
Global
	GlobalSection(SolutionConfigurationPlatforms) = preSolution
		Debug|Any CPU = Debug|Any CPU
		Release|Any CPU = Release|Any CPU
	EndGlobalSection
	GlobalSection(ProjectConfigurationPlatforms) = postSolution
		{2F3A026C-DC7F-453D-9405-E10915FD84FE}.Debug|Any CPU.ActiveCfg = Debug|Any CPU
		{2F3A026C-DC7F-453D-9405-E10915FD84FE}.Debug|Any CPU.Build.0 = Debug|Any CPU
		{2F3A026C-DC7F-453D-9405-E10915FD84FE}.Release|Any CPU.ActiveCfg = Release|Any CPU
		{2F3A026C-DC7F-453D-9405-E10915FD84FE}.Release|Any CPU.Build.0 = Release|Any CPU
		{5F804325-D147-420A-9D5D-CD1E8E46BAD7}.Debug|Any CPU.ActiveCfg = Debug|Any CPU
		{5F804325-D147-420A-9D5D-CD1E8E46BAD7}.Debug|Any CPU.Build.0 = Debug|Any CPU
		{5F804325-D147-420A-9D5D-CD1E8E46BAD7}.Release|Any CPU.ActiveCfg = Release|Any CPU
		{5F804325-D147-420A-9D5D-CD1E8E46BAD7}.Release|Any CPU.Build.0 = Release|Any CPU
		{4E84A166-B48A-4B7A-8CC1-CDE09552052A}.Debug|Any CPU.ActiveCfg = Debug|Any CPU
		{4E84A166-B48A-4B7A-8CC1-CDE09552052A}.Debug|Any CPU.Build.0 = Debug|Any CPU
		{4E84A166-B48A-4B7A-8CC1-CDE09552052A}.Release|Any CPU.ActiveCfg = Release|Any CPU
		{4E84A166-B48A-4B7A-8CC1-CDE09552052A}.Release|Any CPU.Build.0 = Release|Any CPU
		{9F0B2EDB-1D4B-450B-8496-2EC2CBE5377C}.Debug|Any CPU.ActiveCfg = Debug|Any CPU
		{9F0B2EDB-1D4B-450B-8496-2EC2CBE5377C}.Debug|Any CPU.Build.0 = Debug|Any CPU
		{9F0B2EDB-1D4B-450B-8496-2EC2CBE5377C}.Release|Any CPU.ActiveCfg = Release|Any CPU
		{9F0B2EDB-1D4B-450B-8496-2EC2CBE5377C}.Release|Any CPU.Build.0 = Release|Any CPU
		{5D481351-52F3-4D91-8FF0-5649C2D79549}.Debug|Any CPU.ActiveCfg = Debug|Any CPU
		{5D481351-52F3-4D91-8FF0-5649C2D79549}.Debug|Any CPU.Build.0 = Debug|Any CPU
		{5D481351-52F3-4D91-8FF0-5649C2D79549}.Release|Any CPU.ActiveCfg = Release|Any CPU
		{5D481351-52F3-4D91-8FF0-5649C2D79549}.Release|Any CPU.Build.0 = Release|Any CPU
	EndGlobalSection
	GlobalSection(SolutionProperties) = preSolution
		HideSolutionNode = FALSE
	EndGlobalSection
	GlobalSection(ExtensibilityGlobals) = postSolution
		SolutionGuid = {0E546F55-861D-4927-AB36-5AA43CB99301}
	EndGlobalSection
EndGlobal
